
Microsoft Visual Studio Solution File, Format Version 12.00
# Visual Studio Version 17
VisualStudioVersion = 17.7.34202.233
MinimumVisualStudioVersion = 10.0.40219.1
Project("{E24C65DC-7377-472B-9ABA-BC803B73C61A}") = "AmericanFragrancesUI", ".", "{9018EA4A-2C3C-42E4-9DC3-38EA0373116A}"
	ProjectSection(WebsiteProperties) = preProject
		TargetFrameworkMoniker = ".NETFramework,Version%3Dv4.8"
		Debug.AspNetCompiler.VirtualPath = "/localhost_53449"
		Debug.AspNetCompiler.PhysicalPath = "..\american-fragnance-ui\"
		Debug.AspNetCompiler.TargetPath = "PrecompiledWeb\localhost_53449\"
		Debug.AspNetCompiler.Updateable = "true"
		Debug.AspNetCompiler.ForceOverwrite = "true"
		Debug.AspNetCompiler.FixedNames = "false"
		Debug.AspNetCompiler.Debug = "True"
		Release.AspNetCompiler.VirtualPath = "/localhost_53449"
		Release.AspNetCompiler.PhysicalPath = "..\american-fragnance-ui\"
		Release.AspNetCompiler.TargetPath = "PrecompiledWeb\localhost_53449\"
		Release.AspNetCompiler.Updateable = "true"
		Release.AspNetCompiler.ForceOverwrite = "true"
		Release.AspNetCompiler.FixedNames = "false"
		Release.AspNetCompiler.Debug = "False"
		VWDPort = "53449"
		SlnRelativePath = "..\american-fragnance-ui\"
	EndProjectSection
EndProject
Global
	GlobalSection(SolutionConfigurationPlatforms) = preSolution
		Debug|Any CPU = Debug|Any CPU
	EndGlobalSection
	GlobalSection(ProjectConfigurationPlatforms) = postSolution
		{9018EA4A-2C3C-42E4-9DC3-38EA0373116A}.Debug|Any CPU.ActiveCfg = Debug|Any CPU
		{9018EA4A-2C3C-42E4-9DC3-38EA0373116A}.Debug|Any CPU.Build.0 = Debug|Any CPU
	EndGlobalSection
	GlobalSection(SolutionProperties) = preSolution
		HideSolutionNode = FALSE
	EndGlobalSection
	GlobalSection(ExtensibilityGlobals) = postSolution
		SolutionGuid = {C827BF99-4BEB-45FB-9292-E59861E077F2}
	EndGlobalSection
EndGlobal
